
Microsoft Visual Studio Solution File, Format Version 12.00
# Visual Studio Version 17
VisualStudioVersion = 17.14.36202.13
MinimumVisualStudioVersion = 10.0.40219.1
Project("{FAE04EC0-301F-11D3-BF4B-00C04F79EFBC}") = "01-BuildKernel", "01-BuildKernel\01-BuildKernel.csproj", "{D6E0B5B5-75D0-491E-B125-49B1E229A430}"
EndProject
Project("{FAE04EC0-301F-11D3-BF4B-00C04F79EFBC}") = "02-Prompts", "02-Prompts\02-Prompts.csproj", "{505DE813-5202-482F-AB01-5E27C37FD270}"
EndProject
Project("{FAE04EC0-301F-11D3-BF4B-00C04F79EFBC}") = "03-HandlebarsPrompts", "03-HandlebarsPrompts\03-HandlebarsPrompts.csproj", "{451BCA59-ECE6-4B32-B004-FAC923E80B41}"
EndProject
Project("{FAE04EC0-301F-11D3-BF4B-00C04F79EFBC}") = "04-Plugins", "04-Plugins\04-Plugins.csproj", "{8CA1EBC7-48E7-425A-8D3E-003DEB2F700D}"
EndProject
Project("{FAE04EC0-301F-11D3-BF4B-00C04F79EFBC}") = "05-Filters", "05-Filters\05-Filters.csproj", "{833A267F-4650-46F5-B81E-A969B568E46D}"
EndProject
Global
	GlobalSection(SolutionConfigurationPlatforms) = preSolution
		Debug|Any CPU = Debug|Any CPU
		Release|Any CPU = Release|Any CPU
	EndGlobalSection
	GlobalSection(ProjectConfigurationPlatforms) = postSolution
		{D6E0B5B5-75D0-491E-B125-49B1E229A430}.Debug|Any CPU.ActiveCfg = Debug|Any CPU
		{D6E0B5B5-75D0-491E-B125-49B1E229A430}.Debug|Any CPU.Build.0 = Debug|Any CPU
		{D6E0B5B5-75D0-491E-B125-49B1E229A430}.Release|Any CPU.ActiveCfg = Release|Any CPU
		{D6E0B5B5-75D0-491E-B125-49B1E229A430}.Release|Any CPU.Build.0 = Release|Any CPU
		{505DE813-5202-482F-AB01-5E27C37FD270}.Debug|Any CPU.ActiveCfg = Debug|Any CPU
		{505DE813-5202-482F-AB01-5E27C37FD270}.Debug|Any CPU.Build.0 = Debug|Any CPU
		{505DE813-5202-482F-AB01-5E27C37FD270}.Release|Any CPU.ActiveCfg = Release|Any CPU
		{505DE813-5202-482F-AB01-5E27C37FD270}.Release|Any CPU.Build.0 = Release|Any CPU
		{451BCA59-ECE6-4B32-B004-FAC923E80B41}.Debug|Any CPU.ActiveCfg = Debug|Any CPU
		{451BCA59-ECE6-4B32-B004-FAC923E80B41}.Debug|Any CPU.Build.0 = Debug|Any CPU
		{451BCA59-ECE6-4B32-B004-FAC923E80B41}.Release|Any CPU.ActiveCfg = Release|Any CPU
		{451BCA59-ECE6-4B32-B004-FAC923E80B41}.Release|Any CPU.Build.0 = Release|Any CPU
		{8CA1EBC7-48E7-425A-8D3E-003DEB2F700D}.Debug|Any CPU.ActiveCfg = Debug|Any CPU
		{8CA1EBC7-48E7-425A-8D3E-003DEB2F700D}.Debug|Any CPU.Build.0 = Debug|Any CPU
		{8CA1EBC7-48E7-425A-8D3E-003DEB2F700D}.Release|Any CPU.ActiveCfg = Release|Any CPU
		{8CA1EBC7-48E7-425A-8D3E-003DEB2F700D}.Release|Any CPU.Build.0 = Release|Any CPU
		{833A267F-4650-46F5-B81E-A969B568E46D}.Debug|Any CPU.ActiveCfg = Debug|Any CPU
		{833A267F-4650-46F5-B81E-A969B568E46D}.Debug|Any CPU.Build.0 = Debug|Any CPU
		{833A267F-4650-46F5-B81E-A969B568E46D}.Release|Any CPU.ActiveCfg = Release|Any CPU
		{833A267F-4650-46F5-B81E-A969B568E46D}.Release|Any CPU.Build.0 = Release|Any CPU
	EndGlobalSection
	GlobalSection(SolutionProperties) = preSolution
		HideSolutionNode = FALSE
	EndGlobalSection
	GlobalSection(ExtensibilityGlobals) = postSolution
		SolutionGuid = {2EA0E1C6-6CF4-4134-BDFF-FF207A454388}
	EndGlobalSection
EndGlobal
